// !$*UTF8*$!
{
	archiveVersion = 1;
	classes = {
	};
	objectVersion = 48;
	objects = {

/* Begin PBXBuildFile section */
		442557CD203D04B3002A8756 /* LoginViewController.swift in Sources */ = {isa = PBXBuildFile; fileRef = 442557CC203D04B3002A8756 /* LoginViewController.swift */; };
		442557CF203D04CA002A8756 /* Login.storyboard in Resources */ = {isa = PBXBuildFile; fileRef = 442557CE203D04CA002A8756 /* Login.storyboard */; };
		4437D8CE203A6FD900568CC2 /* OombaIphoneTests.swift in Sources */ = {isa = PBXBuildFile; fileRef = 44C82E84203A67B800D05130 /* OombaIphoneTests.swift */; };
		44C82E6D203A67B800D05130 /* AppDelegate.swift in Sources */ = {isa = PBXBuildFile; fileRef = 44C82E6C203A67B800D05130 /* AppDelegate.swift */; };
		44C82E75203A67B800D05130 /* oombamvpiphone.xcdatamodeld in Sources */ = {isa = PBXBuildFile; fileRef = 44C82E73203A67B800D05130 /* oombamvpiphone.xcdatamodeld */; };
		44C82E77203A67B800D05130 /* Assets.xcassets in Resources */ = {isa = PBXBuildFile; fileRef = 44C82E76203A67B800D05130 /* Assets.xcassets */; };
		44C82E7A203A67B800D05130 /* LaunchScreen.storyboard in Resources */ = {isa = PBXBuildFile; fileRef = 44C82E78203A67B800D05130 /* LaunchScreen.storyboard */; };
		44C82E90203A67B800D05130 /* OombaIphoneUITests.swift in Sources */ = {isa = PBXBuildFile; fileRef = 44C82E8F203A67B800D05130 /* OombaIphoneUITests.swift */; };
/* End PBXBuildFile section */

/* Begin PBXContainerItemProxy section */
		44C82E81203A67B800D05130 /* PBXContainerItemProxy */ = {
			isa = PBXContainerItemProxy;
			containerPortal = 44C82E61203A67B800D05130 /* Project object */;
			proxyType = 1;
			remoteGlobalIDString = 44C82E68203A67B800D05130;
			remoteInfo = oombamvpiphone;
		};
		44C82E8C203A67B800D05130 /* PBXContainerItemProxy */ = {
			isa = PBXContainerItemProxy;
			containerPortal = 44C82E61203A67B800D05130 /* Project object */;
			proxyType = 1;
			remoteGlobalIDString = 44C82E68203A67B800D05130;
			remoteInfo = oombamvpiphone;
		};
/* End PBXContainerItemProxy section */

/* Begin PBXFileReference section */
		442557CC203D04B3002A8756 /* LoginViewController.swift */ = {isa = PBXFileReference; lastKnownFileType = sourcecode.swift; path = LoginViewController.swift; sourceTree = "<group>"; };
		442557CE203D04CA002A8756 /* Login.storyboard */ = {isa = PBXFileReference; lastKnownFileType = file.storyboard; path = Login.storyboard; sourceTree = "<group>"; };
		44C82E69203A67B800D05130 /* OombaIphone.app */ = {isa = PBXFileReference; explicitFileType = wrapper.application; includeInIndex = 0; path = OombaIphone.app; sourceTree = BUILT_PRODUCTS_DIR; };
		44C82E6C203A67B800D05130 /* AppDelegate.swift */ = {isa = PBXFileReference; lastKnownFileType = sourcecode.swift; path = AppDelegate.swift; sourceTree = "<group>"; };
		44C82E74203A67B800D05130 /* oombamvpiphone.xcdatamodel */ = {isa = PBXFileReference; lastKnownFileType = wrapper.xcdatamodel; path = oombamvpiphone.xcdatamodel; sourceTree = "<group>"; };
		44C82E76203A67B800D05130 /* Assets.xcassets */ = {isa = PBXFileReference; lastKnownFileType = folder.assetcatalog; path = Assets.xcassets; sourceTree = "<group>"; };
		44C82E79203A67B800D05130 /* Base */ = {isa = PBXFileReference; lastKnownFileType = file.storyboard; name = Base; path = Base.lproj/LaunchScreen.storyboard; sourceTree = "<group>"; };
		44C82E7B203A67B800D05130 /* Info.plist */ = {isa = PBXFileReference; lastKnownFileType = text.plist.xml; path = Info.plist; sourceTree = "<group>"; };
		44C82E80203A67B800D05130 /* OombaIphoneTests.xctest */ = {isa = PBXFileReference; explicitFileType = wrapper.cfbundle; includeInIndex = 0; path = OombaIphoneTests.xctest; sourceTree = BUILT_PRODUCTS_DIR; };
		44C82E84203A67B800D05130 /* OombaIphoneTests.swift */ = {isa = PBXFileReference; lastKnownFileType = sourcecode.swift; name = OombaIphoneTests.swift; path = ../OombaIphone/OombaIphoneTests.swift; sourceTree = "<group>"; };
		44C82E86203A67B800D05130 /* Info.plist */ = {isa = PBXFileReference; lastKnownFileType = text.plist.xml; path = Info.plist; sourceTree = "<group>"; };
		44C82E8B203A67B800D05130 /* OombaIphoneUITests.xctest */ = {isa = PBXFileReference; explicitFileType = wrapper.cfbundle; includeInIndex = 0; path = OombaIphoneUITests.xctest; sourceTree = BUILT_PRODUCTS_DIR; };
		44C82E8F203A67B800D05130 /* OombaIphoneUITests.swift */ = {isa = PBXFileReference; lastKnownFileType = sourcecode.swift; path = OombaIphoneUITests.swift; sourceTree = "<group>"; };
		44C82E91203A67B800D05130 /* Info.plist */ = {isa = PBXFileReference; lastKnownFileType = text.plist.xml; path = Info.plist; sourceTree = "<group>"; };
/* End PBXFileReference section */

/* Begin PBXFrameworksBuildPhase section */
		44C82E66203A67B800D05130 /* Frameworks */ = {
			isa = PBXFrameworksBuildPhase;
			buildActionMask = 2147483647;
			files = (
			);
			runOnlyForDeploymentPostprocessing = 0;
		};
		44C82E7D203A67B800D05130 /* Frameworks */ = {
			isa = PBXFrameworksBuildPhase;
			buildActionMask = 2147483647;
			files = (
			);
			runOnlyForDeploymentPostprocessing = 0;
		};
		44C82E88203A67B800D05130 /* Frameworks */ = {
			isa = PBXFrameworksBuildPhase;
			buildActionMask = 2147483647;
			files = (
			);
			runOnlyForDeploymentPostprocessing = 0;
		};
/* End PBXFrameworksBuildPhase section */

/* Begin PBXGroup section */
		442557D5203D1750002A8756 /* Models */ = {
			isa = PBXGroup;
			children = (
			);
			name = Models;
			sourceTree = "<group>";
		};
		442557D7203D175A002A8756 /* Controllers */ = {
			isa = PBXGroup;
			children = (
				442557CC203D04B3002A8756 /* LoginViewController.swift */,
			);
			name = Controllers;
			sourceTree = "<group>";
		};
		442557D9203D1780002A8756 /* Support Files */ = {
			isa = PBXGroup;
			children = (
				44C82E7B203A67B800D05130 /* Info.plist */,
				44C82E6C203A67B800D05130 /* AppDelegate.swift */,
				44C82E76203A67B800D05130 /* Assets.xcassets */,
			);
			name = "Support Files";
			sourceTree = "<group>";
		};
		442557DA203D1790002A8756 /* Views */ = {
			isa = PBXGroup;
			children = (
				44C82E78203A67B800D05130 /* LaunchScreen.storyboard */,
				442557CE203D04CA002A8756 /* Login.storyboard */,
			);
			name = Views;
			sourceTree = "<group>";
		};
		442557DB203D17DF002A8756 /* CoreData */ = {
			isa = PBXGroup;
			children = (
				44C82E73203A67B800D05130 /* oombamvpiphone.xcdatamodeld */,
			);
			name = CoreData;
			sourceTree = "<group>";
		};
		44C82E60203A67B800D05130 = {
			isa = PBXGroup;
			children = (
				44C82E6B203A67B800D05130 /* OombaIphone */,
				44C82E83203A67B800D05130 /* OombaIphoneTests */,
				44C82E8E203A67B800D05130 /* OombaIphoneUITests */,
				44C82E6A203A67B800D05130 /* Products */,
			);
			sourceTree = "<group>";
		};
		44C82E6A203A67B800D05130 /* Products */ = {
			isa = PBXGroup;
			children = (
				44C82E69203A67B800D05130 /* OombaIphone.app */,
				44C82E80203A67B800D05130 /* OombaIphoneTests.xctest */,
				44C82E8B203A67B800D05130 /* OombaIphoneUITests.xctest */,
			);
			name = Products;
			sourceTree = "<group>";
		};
		44C82E6B203A67B800D05130 /* OombaIphone */ = {
			isa = PBXGroup;
			children = (
				442557DB203D17DF002A8756 /* CoreData */,
				442557DA203D1790002A8756 /* Views */,
				442557D9203D1780002A8756 /* Support Files */,
				442557D7203D175A002A8756 /* Controllers */,
				442557D5203D1750002A8756 /* Models */,
			);
			path = OombaIphone;
			sourceTree = "<group>";
		};
		44C82E83203A67B800D05130 /* OombaIphoneTests */ = {
			isa = PBXGroup;
			children = (
				44C82E84203A67B800D05130 /* OombaIphoneTests.swift */,
				44C82E86203A67B800D05130 /* Info.plist */,
			);
			path = OombaIphoneTests;
			sourceTree = "<group>";
		};
		44C82E8E203A67B800D05130 /* OombaIphoneUITests */ = {
			isa = PBXGroup;
			children = (
				44C82E8F203A67B800D05130 /* OombaIphoneUITests.swift */,
				44C82E91203A67B800D05130 /* Info.plist */,
			);
			path = OombaIphoneUITests;
			sourceTree = "<group>";
		};
/* End PBXGroup section */

/* Begin PBXNativeTarget section */
		44C82E68203A67B800D05130 /* OombaIphone */ = {
			isa = PBXNativeTarget;
			buildConfigurationList = 44C82E94203A67B800D05130 /* Build configuration list for PBXNativeTarget "OombaIphone" */;
			buildPhases = (
				44C82E65203A67B800D05130 /* Sources */,
				44C82E66203A67B800D05130 /* Frameworks */,
				44C82E67203A67B800D05130 /* Resources */,
			);
			buildRules = (
			);
			dependencies = (
			);
			name = OombaIphone;
			productName = oombamvpiphone;
			productReference = 44C82E69203A67B800D05130 /* OombaIphone.app */;
			productType = "com.apple.product-type.application";
		};
		44C82E7F203A67B800D05130 /* OombaIphoneTests */ = {
			isa = PBXNativeTarget;
			buildConfigurationList = 44C82E97203A67B800D05130 /* Build configuration list for PBXNativeTarget "OombaIphoneTests" */;
			buildPhases = (
				44C82E7C203A67B800D05130 /* Sources */,
				44C82E7D203A67B800D05130 /* Frameworks */,
				44C82E7E203A67B800D05130 /* Resources */,
			);
			buildRules = (
			);
			dependencies = (
				44C82E82203A67B800D05130 /* PBXTargetDependency */,
			);
			name = OombaIphoneTests;
			productName = oombamvpiphoneTests;
			productReference = 44C82E80203A67B800D05130 /* OombaIphoneTests.xctest */;
			productType = "com.apple.product-type.bundle.unit-test";
		};
		44C82E8A203A67B800D05130 /* OombaIphoneUITests */ = {
			isa = PBXNativeTarget;
			buildConfigurationList = 44C82E9A203A67B800D05130 /* Build configuration list for PBXNativeTarget "OombaIphoneUITests" */;
			buildPhases = (
				44C82E87203A67B800D05130 /* Sources */,
				44C82E88203A67B800D05130 /* Frameworks */,
				44C82E89203A67B800D05130 /* Resources */,
			);
			buildRules = (
			);
			dependencies = (
				44C82E8D203A67B800D05130 /* PBXTargetDependency */,
			);
			name = OombaIphoneUITests;
			productName = oombamvpiphoneUITests;
			productReference = 44C82E8B203A67B800D05130 /* OombaIphoneUITests.xctest */;
			productType = "com.apple.product-type.bundle.ui-testing";
		};
/* End PBXNativeTarget section */

/* Begin PBXProject section */
		44C82E61203A67B800D05130 /* Project object */ = {
			isa = PBXProject;
			attributes = {
				LastSwiftUpdateCheck = 0920;
				LastUpgradeCheck = 0920;
				ORGANIZATIONNAME = Oomba;
				TargetAttributes = {
					44C82E68203A67B800D05130 = {
						CreatedOnToolsVersion = 9.2;
						ProvisioningStyle = Automatic;
					};
					44C82E7F203A67B800D05130 = {
						CreatedOnToolsVersion = 9.2;
						ProvisioningStyle = Automatic;
						TestTargetID = 44C82E68203A67B800D05130;
					};
					44C82E8A203A67B800D05130 = {
						CreatedOnToolsVersion = 9.2;
						ProvisioningStyle = Automatic;
						TestTargetID = 44C82E68203A67B800D05130;
					};
				};
			};
			buildConfigurationList = 44C82E64203A67B800D05130 /* Build configuration list for PBXProject "OombaIphone" */;
			compatibilityVersion = "Xcode 8.0";
			developmentRegion = en;
			hasScannedForEncodings = 0;
			knownRegions = (
				en,
				Base,
			);
			mainGroup = 44C82E60203A67B800D05130;
			productRefGroup = 44C82E6A203A67B800D05130 /* Products */;
			projectDirPath = "";
			projectRoot = "";
			targets = (
				44C82E68203A67B800D05130 /* OombaIphone */,
				44C82E7F203A67B800D05130 /* OombaIphoneTests */,
				44C82E8A203A67B800D05130 /* OombaIphoneUITests */,
			);
		};
/* End PBXProject section */

/* Begin PBXResourcesBuildPhase section */
		44C82E67203A67B800D05130 /* Resources */ = {
			isa = PBXResourcesBuildPhase;
			buildActionMask = 2147483647;
			files = (
				442557CF203D04CA002A8756 /* Login.storyboard in Resources */,
				44C82E7A203A67B800D05130 /* LaunchScreen.storyboard in Resources */,
				44C82E77203A67B800D05130 /* Assets.xcassets in Resources */,
			);
			runOnlyForDeploymentPostprocessing = 0;
		};
		44C82E7E203A67B800D05130 /* Resources */ = {
			isa = PBXResourcesBuildPhase;
			buildActionMask = 2147483647;
			files = (
			);
			runOnlyForDeploymentPostprocessing = 0;
		};
		44C82E89203A67B800D05130 /* Resources */ = {
			isa = PBXResourcesBuildPhase;
			buildActionMask = 2147483647;
			files = (
			);
			runOnlyForDeploymentPostprocessing = 0;
		};
/* End PBXResourcesBuildPhase section */

/* Begin PBXSourcesBuildPhase section */
		44C82E65203A67B800D05130 /* Sources */ = {
			isa = PBXSourcesBuildPhase;
			buildActionMask = 2147483647;
			files = (
				44C82E75203A67B800D05130 /* oombamvpiphone.xcdatamodeld in Sources */,
				44C82E6D203A67B800D05130 /* AppDelegate.swift in Sources */,
				442557CD203D04B3002A8756 /* LoginViewController.swift in Sources */,
				4437D8CE203A6FD900568CC2 /* OombaIphoneTests.swift in Sources */,
			);
			runOnlyForDeploymentPostprocessing = 0;
		};
		44C82E7C203A67B800D05130 /* Sources */ = {
			isa = PBXSourcesBuildPhase;
			buildActionMask = 2147483647;
			files = (
			);
			runOnlyForDeploymentPostprocessing = 0;
		};
		44C82E87203A67B800D05130 /* Sources */ = {
			isa = PBXSourcesBuildPhase;
			buildActionMask = 2147483647;
			files = (
				44C82E90203A67B800D05130 /* OombaIphoneUITests.swift in Sources */,
			);
			runOnlyForDeploymentPostprocessing = 0;
		};
/* End PBXSourcesBuildPhase section */

/* Begin PBXTargetDependency section */
		44C82E82203A67B800D05130 /* PBXTargetDependency */ = {
			isa = PBXTargetDependency;
			target = 44C82E68203A67B800D05130 /* OombaIphone */;
			targetProxy = 44C82E81203A67B800D05130 /* PBXContainerItemProxy */;
		};
		44C82E8D203A67B800D05130 /* PBXTargetDependency */ = {
			isa = PBXTargetDependency;
			target = 44C82E68203A67B800D05130 /* OombaIphone */;
			targetProxy = 44C82E8C203A67B800D05130 /* PBXContainerItemProxy */;
		};
/* End PBXTargetDependency section */

/* Begin PBXVariantGroup section */
		44C82E78203A67B800D05130 /* LaunchScreen.storyboard */ = {
			isa = PBXVariantGroup;
			children = (
				44C82E79203A67B800D05130 /* Base */,
			);
			name = LaunchScreen.storyboard;
			sourceTree = "<group>";
		};
/* End PBXVariantGroup section */

/* Begin XCBuildConfiguration section */
		44C82E92203A67B800D05130 /* Debug */ = {
			isa = XCBuildConfiguration;
			buildSettings = {
				ALWAYS_SEARCH_USER_PATHS = NO;
				CLANG_ANALYZER_NONNULL = YES;
				CLANG_ANALYZER_NUMBER_OBJECT_CONVERSION = YES_AGGRESSIVE;
				CLANG_CXX_LANGUAGE_STANDARD = "gnu++14";
				CLANG_CXX_LIBRARY = "libc++";
				CLANG_ENABLE_MODULES = YES;
				CLANG_ENABLE_OBJC_ARC = YES;
				CLANG_WARN_BLOCK_CAPTURE_AUTORELEASING = YES;
				CLANG_WARN_BOOL_CONVERSION = YES;
				CLANG_WARN_COMMA = YES;
				CLANG_WARN_CONSTANT_CONVERSION = YES;
				CLANG_WARN_DIRECT_OBJC_ISA_USAGE = YES_ERROR;
				CLANG_WARN_DOCUMENTATION_COMMENTS = YES;
				CLANG_WARN_EMPTY_BODY = YES;
				CLANG_WARN_ENUM_CONVERSION = YES;
				CLANG_WARN_INFINITE_RECURSION = YES;
				CLANG_WARN_INT_CONVERSION = YES;
				CLANG_WARN_NON_LITERAL_NULL_CONVERSION = YES;
				CLANG_WARN_OBJC_LITERAL_CONVERSION = YES;
				CLANG_WARN_OBJC_ROOT_CLASS = YES_ERROR;
				CLANG_WARN_RANGE_LOOP_ANALYSIS = YES;
				CLANG_WARN_STRICT_PROTOTYPES = YES;
				CLANG_WARN_SUSPICIOUS_MOVE = YES;
				CLANG_WARN_UNGUARDED_AVAILABILITY = YES_AGGRESSIVE;
				CLANG_WARN_UNREACHABLE_CODE = YES;
				CLANG_WARN__DUPLICATE_METHOD_MATCH = YES;
				CODE_SIGN_IDENTITY = "iPhone Developer";
				COPY_PHASE_STRIP = NO;
				DEBUG_INFORMATION_FORMAT = dwarf;
				ENABLE_STRICT_OBJC_MSGSEND = YES;
				ENABLE_TESTABILITY = YES;
				GCC_C_LANGUAGE_STANDARD = gnu11;
				GCC_DYNAMIC_NO_PIC = NO;
				GCC_NO_COMMON_BLOCKS = YES;
				GCC_OPTIMIZATION_LEVEL = 0;
				GCC_PREPROCESSOR_DEFINITIONS = (
					"DEBUG=1",
					"$(inherited)",
				);
				GCC_WARN_64_TO_32_BIT_CONVERSION = YES;
				GCC_WARN_ABOUT_RETURN_TYPE = YES_ERROR;
				GCC_WARN_UNDECLARED_SELECTOR = YES;
				GCC_WARN_UNINITIALIZED_AUTOS = YES_AGGRESSIVE;
				GCC_WARN_UNUSED_FUNCTION = YES;
				GCC_WARN_UNUSED_VARIABLE = YES;
				IPHONEOS_DEPLOYMENT_TARGET = 11.2;
				MTL_ENABLE_DEBUG_INFO = YES;
				ONLY_ACTIVE_ARCH = YES;
				SDKROOT = iphoneos;
				SWIFT_ACTIVE_COMPILATION_CONDITIONS = DEBUG;
				SWIFT_OPTIMIZATION_LEVEL = "-Onone";
			};
			name = Debug;
		};
		44C82E93203A67B800D05130 /* Release */ = {
			isa = XCBuildConfiguration;
			buildSettings = {
				ALWAYS_SEARCH_USER_PATHS = NO;
				CLANG_ANALYZER_NONNULL = YES;
				CLANG_ANALYZER_NUMBER_OBJECT_CONVERSION = YES_AGGRESSIVE;
				CLANG_CXX_LANGUAGE_STANDARD = "gnu++14";
				CLANG_CXX_LIBRARY = "libc++";
				CLANG_ENABLE_MODULES = YES;
				CLANG_ENABLE_OBJC_ARC = YES;
				CLANG_WARN_BLOCK_CAPTURE_AUTORELEASING = YES;
				CLANG_WARN_BOOL_CONVERSION = YES;
				CLANG_WARN_COMMA = YES;
				CLANG_WARN_CONSTANT_CONVERSION = YES;
				CLANG_WARN_DIRECT_OBJC_ISA_USAGE = YES_ERROR;
				CLANG_WARN_DOCUMENTATION_COMMENTS = YES;
				CLANG_WARN_EMPTY_BODY = YES;
				CLANG_WARN_ENUM_CONVERSION = YES;
				CLANG_WARN_INFINITE_RECURSION = YES;
				CLANG_WARN_INT_CONVERSION = YES;
				CLANG_WARN_NON_LITERAL_NULL_CONVERSION = YES;
				CLANG_WARN_OBJC_LITERAL_CONVERSION = YES;
				CLANG_WARN_OBJC_ROOT_CLASS = YES_ERROR;
				CLANG_WARN_RANGE_LOOP_ANALYSIS = YES;
				CLANG_WARN_STRICT_PROTOTYPES = YES;
				CLANG_WARN_SUSPICIOUS_MOVE = YES;
				CLANG_WARN_UNGUARDED_AVAILABILITY = YES_AGGRESSIVE;
				CLANG_WARN_UNREACHABLE_CODE = YES;
				CLANG_WARN__DUPLICATE_METHOD_MATCH = YES;
				CODE_SIGN_IDENTITY = "iPhone Developer";
				COPY_PHASE_STRIP = NO;
				DEBUG_INFORMATION_FORMAT = "dwarf-with-dsym";
				ENABLE_NS_ASSERTIONS = NO;
				ENABLE_STRICT_OBJC_MSGSEND = YES;
				GCC_C_LANGUAGE_STANDARD = gnu11;
				GCC_NO_COMMON_BLOCKS = YES;
				GCC_WARN_64_TO_32_BIT_CONVERSION = YES;
				GCC_WARN_ABOUT_RETURN_TYPE = YES_ERROR;
				GCC_WARN_UNDECLARED_SELECTOR = YES;
				GCC_WARN_UNINITIALIZED_AUTOS = YES_AGGRESSIVE;
				GCC_WARN_UNUSED_FUNCTION = YES;
				GCC_WARN_UNUSED_VARIABLE = YES;
				IPHONEOS_DEPLOYMENT_TARGET = 11.2;
				MTL_ENABLE_DEBUG_INFO = NO;
				SDKROOT = iphoneos;
				SWIFT_OPTIMIZATION_LEVEL = "-Owholemodule";
				VALIDATE_PRODUCT = YES;
			};
			name = Release;
		};
		44C82E95203A67B800D05130 /* Debug */ = {
			isa = XCBuildConfiguration;
			buildSettings = {
				ASSETCATALOG_COMPILER_APPICON_NAME = AppIcon;
				CODE_SIGN_STYLE = Automatic;
				DEVELOPMENT_TEAM = 4927HV47NY;
				INFOPLIST_FILE = "$(SRCROOT)/OombaIphone/Info.plist";
				IPHONEOS_DEPLOYMENT_TARGET = 10.0;
				LD_RUNPATH_SEARCH_PATHS = "$(inherited) @executable_path/Frameworks";
				PRODUCT_BUNDLE_IDENTIFIER = com.oomba.oombamvpiphone;
				PRODUCT_NAME = "$(TARGET_NAME)";
				SWIFT_VERSION = 4.0;
				TARGETED_DEVICE_FAMILY = 1;
			};
			name = Debug;
		};
		44C82E96203A67B800D05130 /* Release */ = {
			isa = XCBuildConfiguration;
			buildSettings = {
				ASSETCATALOG_COMPILER_APPICON_NAME = AppIcon;
				CODE_SIGN_STYLE = Automatic;
				DEVELOPMENT_TEAM = 4927HV47NY;
				INFOPLIST_FILE = "$(SRCROOT)/OombaIphone/Info.plist";
				IPHONEOS_DEPLOYMENT_TARGET = 10.0;
				LD_RUNPATH_SEARCH_PATHS = "$(inherited) @executable_path/Frameworks";
				PRODUCT_BUNDLE_IDENTIFIER = com.oomba.oombamvpiphone;
				PRODUCT_NAME = "$(TARGET_NAME)";
				SWIFT_VERSION = 4.0;
				TARGETED_DEVICE_FAMILY = 1;
			};
			name = Release;
		};
		44C82E98203A67B800D05130 /* Debug */ = {
			isa = XCBuildConfiguration;
			buildSettings = {
				ALWAYS_EMBED_SWIFT_STANDARD_LIBRARIES = YES;
				BUNDLE_LOADER = "$(TEST_HOST)";
				CODE_SIGN_STYLE = Automatic;
				DEVELOPMENT_TEAM = 4927HV47NY;
				INFOPLIST_FILE = OombaIphoneTests/Info.plist;
				LD_RUNPATH_SEARCH_PATHS = "$(inherited) @executable_path/Frameworks @loader_path/Frameworks";
				PRODUCT_BUNDLE_IDENTIFIER = com.oomba.oombamvpiphoneTests;
				PRODUCT_NAME = "$(TARGET_NAME)";
				SWIFT_VERSION = 4.0;
				TARGETED_DEVICE_FAMILY = "1,2";
				TEST_HOST = "$(BUILT_PRODUCTS_DIR)/OombaIphone.app/OombaIphone";
			};
			name = Debug;
		};
		44C82E99203A67B800D05130 /* Release */ = {
			isa = XCBuildConfiguration;
			buildSettings = {
				ALWAYS_EMBED_SWIFT_STANDARD_LIBRARIES = YES;
				BUNDLE_LOADER = "$(TEST_HOST)";
				CODE_SIGN_STYLE = Automatic;
				DEVELOPMENT_TEAM = 4927HV47NY;
				INFOPLIST_FILE = OombaIphoneTests/Info.plist;
				LD_RUNPATH_SEARCH_PATHS = "$(inherited) @executable_path/Frameworks @loader_path/Frameworks";
				PRODUCT_BUNDLE_IDENTIFIER = com.oomba.oombamvpiphoneTests;
				PRODUCT_NAME = "$(TARGET_NAME)";
				SWIFT_VERSION = 4.0;
				TARGETED_DEVICE_FAMILY = "1,2";
				TEST_HOST = "$(BUILT_PRODUCTS_DIR)/OombaIphone.app/OombaIphone";
			};
			name = Release;
		};
		44C82E9B203A67B800D05130 /* Debug */ = {
			isa = XCBuildConfiguration;
			buildSettings = {
				ALWAYS_EMBED_SWIFT_STANDARD_LIBRARIES = YES;
				CODE_SIGN_STYLE = Automatic;
				DEVELOPMENT_TEAM = 4927HV47NY;
				INFOPLIST_FILE = OomaIphoneUITests/Info.plist;
				LD_RUNPATH_SEARCH_PATHS = "$(inherited) @executable_path/Frameworks @loader_path/Frameworks";
				PRODUCT_BUNDLE_IDENTIFIER = com.oomba.oombamvpiphoneUITests;
				PRODUCT_NAME = "$(TARGET_NAME)";
				SWIFT_VERSION = 4.0;
				TARGETED_DEVICE_FAMILY = "1,2";
				TEST_TARGET_NAME = OombaIphone;
			};
			name = Debug;
		};
		44C82E9C203A67B800D05130 /* Release */ = {
			isa = XCBuildConfiguration;
			buildSettings = {
				ALWAYS_EMBED_SWIFT_STANDARD_LIBRARIES = YES;
				CODE_SIGN_STYLE = Automatic;
				DEVELOPMENT_TEAM = 4927HV47NY;
				INFOPLIST_FILE = OomaIphoneUITests/Info.plist;
				LD_RUNPATH_SEARCH_PATHS = "$(inherited) @executable_path/Frameworks @loader_path/Frameworks";
				PRODUCT_BUNDLE_IDENTIFIER = com.oomba.oombamvpiphoneUITests;
				PRODUCT_NAME = "$(TARGET_NAME)";
				SWIFT_VERSION = 4.0;
				TARGETED_DEVICE_FAMILY = "1,2";
				TEST_TARGET_NAME = OombaIphone;
			};
			name = Release;
		};
/* End XCBuildConfiguration section */

/* Begin XCConfigurationList section */
		44C82E64203A67B800D05130 /* Build configuration list for PBXProject "OombaIphone" */ = {
			isa = XCConfigurationList;
			buildConfigurations = (
				44C82E92203A67B800D05130 /* Debug */,
				44C82E93203A67B800D05130 /* Release */,
			);
			defaultConfigurationIsVisible = 0;
			defaultConfigurationName = Release;
		};
		44C82E94203A67B800D05130 /* Build configuration list for PBXNativeTarget "OombaIphone" */ = {
			isa = XCConfigurationList;
			buildConfigurations = (
				44C82E95203A67B800D05130 /* Debug */,
				44C82E96203A67B800D05130 /* Release */,
			);
			defaultConfigurationIsVisible = 0;
			defaultConfigurationName = Release;
		};
		44C82E97203A67B800D05130 /* Build configuration list for PBXNativeTarget "OombaIphoneTests" */ = {
			isa = XCConfigurationList;
			buildConfigurations = (
				44C82E98203A67B800D05130 /* Debug */,
				44C82E99203A67B800D05130 /* Release */,
			);
			defaultConfigurationIsVisible = 0;
			defaultConfigurationName = Release;
		};
		44C82E9A203A67B800D05130 /* Build configuration list for PBXNativeTarget "OombaIphoneUITests" */ = {
			isa = XCConfigurationList;
			buildConfigurations = (
				44C82E9B203A67B800D05130 /* Debug */,
				44C82E9C203A67B800D05130 /* Release */,
			);
			defaultConfigurationIsVisible = 0;
			defaultConfigurationName = Release;
		};
/* End XCConfigurationList section */

/* Begin XCVersionGroup section */
		44C82E73203A67B800D05130 /* oombamvpiphone.xcdatamodeld */ = {
			isa = XCVersionGroup;
			children = (
				44C82E74203A67B800D05130 /* oombamvpiphone.xcdatamodel */,
			);
			currentVersion = 44C82E74203A67B800D05130 /* oombamvpiphone.xcdatamodel */;
			path = oombamvpiphone.xcdatamodeld;
			sourceTree = "<group>";
			versionGroupType = wrapper.xcdatamodel;
		};
/* End XCVersionGroup section */
	};
	rootObject = 44C82E61203A67B800D05130 /* Project object */;
}
